
Microsoft Visual Studio Solution File, Format Version 12.00
# Visual Studio Version 18
VisualStudioVersion = 18.1.11312.151 d18.0
MinimumVisualStudioVersion = 10.0.40219.1
Project("{2150E333-8FDC-42A3-9474-1A3956D46DE8}") = "Editor", "Editor", "{332853E1-D647-4634-ABB7-E84574A5BDE1}"
EndProject
Project("{2150E333-8FDC-42A3-9474-1A3956D46DE8}") = "Engine", "Engine", "{205B6A0C-09B2-4AD7-BE9A-A7781CD59863}"
EndProject
Project("{2150E333-8FDC-42A3-9474-1A3956D46DE8}") = "SDK", "SDK", "{029AC908-7378-4197-BF45-AD557B022B27}"
	ProjectSection(SolutionItems) = preProject
		SDK\build\package.bat = SDK\build\package.bat
		SDK\build\package.py = SDK\build\package.py
	EndProjectSection
EndProject
Project("{2150E333-8FDC-42A3-9474-1A3956D46DE8}") = "Native", "Native", "{0ABD5A08-6551-4C56-9171-6665F0B5D148}"
EndProject
Project("{2150E333-8FDC-42A3-9474-1A3956D46DE8}") = "Modules", "Modules", "{1C440145-589E-46A4-A984-9D88FC666912}"
EndProject
Project("{2150E333-8FDC-42A3-9474-1A3956D46DE8}") = "Build", "Build", "{A66717E9-F1A5-42E7-B003-FAA5FB0AA397}"
EndProject
Project("{FAE04EC0-301F-11D3-BF4B-00C04F79EFBC}") = "Stellar.Sdk", "SDK\src\Build\Stellar.Sdk\Stellar.Sdk.csproj", "{C73C8485-235C-4D45-90E8-5135343295DE}"
EndProject
Project("{FAE04EC0-301F-11D3-BF4B-00C04F79EFBC}") = "Stellar.Sdk.Tasks", "SDK\src\Build\Stellar.Sdk.Tasks\Stellar.Sdk.Tasks.csproj", "{C4269D49-9AD0-4498-A1CF-FF69947A69CE}"
EndProject
Project("{8BC9CEB8-8B4A-11D0-8D11-00A0C91BC942}") = "Stellar.Graphic.Native.DX12", "Engine\src\Native\Stellar.Graphic.Native.DX12\Stellar.Graphic.Native.DX12.vcxproj", "{28D8B381-C95B-45CF-ADBB-9026C590105F}"
EndProject
Project("{8BC9CEB8-8B4A-11D0-8D11-00A0C91BC942}") = "Stellar.Graphic.Native.Window", "Engine\src\Native\Stellar.Graphic.Native.Window\Stellar.Graphic.Native.Window.vcxproj", "{8ADF5D47-5488-4049-909C-16DC32DAD702}"
EndProject
Project("{8BC9CEB8-8B4A-11D0-8D11-00A0C91BC942}") = "Stellar.Physics.Native", "Engine\src\Native\Stellar.Physics.Native\Stellar.Physics.Native.vcxproj", "{97C823E1-833A-40D0-AAE8-8FE75A74E82C}"
EndProject
Project("{FAE04EC0-301F-11D3-BF4B-00C04F79EFBC}") = "Stellar.Engine.Client", "Engine\src\Stellar.Engine.Client\Stellar.Engine.Client.csproj", "{E53CE465-DD4D-40AA-9C57-63A2C3141108}"
EndProject
Project("{2150E333-8FDC-42A3-9474-1A3956D46DE8}") = "NativeInterop", "NativeInterop", "{D50458ED-E6A7-4482-8CA2-C0D3EB147C58}"
EndProject
Project("{8BC9CEB8-8B4A-11D0-8D11-00A0C91BC942}") = "Stellar.Graphic.DX12.Wrapper.CLI", "Engine\src\NativeInterop\Stellar.Graphic.DX12.Wrapper.CLI\Stellar.Graphic.DX12.Wrapper.CLI.vcxproj", "{AE738A31-2A88-0AFA-37EB-B94F0F9B811B}"
EndProject
Project("{8BC9CEB8-8B4A-11D0-8D11-00A0C91BC942}") = "Stellar.Physics.Wrapper.CLI", "Engine\src\NativeInterop\Stellar.Physics.Wrapper.CLI\Stellar.Physics.Wrapper.CLI.vcxproj", "{342255A0-787C-9321-96FA-2439C7E07B5F}"
EndProject
Project("{FAE04EC0-301F-11D3-BF4B-00C04F79EFBC}") = "Stellar.Core", "Engine\src\Modules\Stellar.Core\Stellar.Core.csproj", "{444BEA47-1005-43CE-BEB0-A90F7B48D075}"
EndProject
Project("{FAE04EC0-301F-11D3-BF4B-00C04F79EFBC}") = "Stellar.Network", "Engine\src\Modules\Stellar.Network\Stellar.Network.csproj", "{397A43BC-1CB2-428D-8432-53DA20C77287}"
EndProject
Project("{FAE04EC0-301F-11D3-BF4B-00C04F79EFBC}") = "Stellar.Sound", "Engine\src\Modules\Stellar.Sound\Stellar.Sound.csproj", "{CD8C5378-4D7B-48BC-A162-51557E4F1BA4}"
EndProject
Project("{FAE04EC0-301F-11D3-BF4B-00C04F79EFBC}") = "Stellar.Assets", "Engine\src\Modules\Stellar.Assets\Stellar.Assets.csproj", "{9B209AFB-FA81-4709-805F-915DFC06D974}"
EndProject
Project("{FAE04EC0-301F-11D3-BF4B-00C04F79EFBC}") = "Stellar.Graphic.UI", "Engine\src\Modules\Stellar.Graphic.UI\Stellar.Graphic.UI.csproj", "{60084B93-B4F6-47B6-8A84-2B6CB63314DE}"
EndProject
Project("{FAE04EC0-301F-11D3-BF4B-00C04F79EFBC}") = "Stellar.Graphic", "Engine\src\Modules\Stellar.Graphic\Stellar.Graphic.csproj", "{E4253960-FB35-4E3E-B33E-697322EB7065}"
EndProject
Project("{FAE04EC0-301F-11D3-BF4B-00C04F79EFBC}") = "Stellar.Physics", "Engine\src\Modules\Stellar.Physics\Stellar.Physics.csproj", "{6223871B-1963-4B36-8D35-9D35005F77D9}"
EndProject
Project("{FAE04EC0-301F-11D3-BF4B-00C04F79EFBC}") = "Stellar.Tools", "SDK\src\Stellar.Tools\Stellar.Tools.csproj", "{5CB6E6E8-3B99-4CB1-AE66-30B07FBABFC6}"
EndProject
Project("{2150E333-8FDC-42A3-9474-1A3956D46DE8}") = "Kernel", "Kernel", "{E51C0F9F-920C-419C-849D-30C0BED86743}"
	ProjectSection(SolutionItems) = preProject
		Kernel\build\package.bat = Kernel\build\package.bat
		Kernel\build\package.py = Kernel\build\package.py
	EndProjectSection
EndProject
Project("{FAE04EC0-301F-11D3-BF4B-00C04F79EFBC}") = "Stellar.Kernel", "Kernel\src\Stellar.Kernel\Stellar.Kernel.csproj", "{EBC9C820-AB04-4B05-8609-542D9412D59B}"
EndProject
Project("{FAE04EC0-301F-11D3-BF4B-00C04F79EFBC}") = "Stellar.Graphic.Kernel", "Kernel\src\Stellar.Graphic.Kernel\Stellar.Graphic.Kernel.csproj", "{2398E8D4-71F6-4FA2-A3C8-FB46BB44C7F8}"
EndProject
Project("{FAE04EC0-301F-11D3-BF4B-00C04F79EFBC}") = "Stellar.Graphic.UI.Kernel", "Kernel\src\Stellar.Graphic.UI.Kernel\Stellar.Graphic.UI.Kernel.csproj", "{A8E0B639-72E6-41DD-ADA4-F582A85E0726}"
EndProject
Global
	GlobalSection(SolutionConfigurationPlatforms) = preSolution
		Debug|Any CPU = Debug|Any CPU
		Release|Any CPU = Release|Any CPU
	EndGlobalSection
	GlobalSection(ProjectConfigurationPlatforms) = postSolution
		{C73C8485-235C-4D45-90E8-5135343295DE}.Debug|Any CPU.ActiveCfg = Debug|Any CPU
		{C73C8485-235C-4D45-90E8-5135343295DE}.Debug|Any CPU.Build.0 = Debug|Any CPU
		{C73C8485-235C-4D45-90E8-5135343295DE}.Release|Any CPU.ActiveCfg = Release|Any CPU
		{C73C8485-235C-4D45-90E8-5135343295DE}.Release|Any CPU.Build.0 = Release|Any CPU
		{C4269D49-9AD0-4498-A1CF-FF69947A69CE}.Debug|Any CPU.ActiveCfg = Debug|Any CPU
		{C4269D49-9AD0-4498-A1CF-FF69947A69CE}.Debug|Any CPU.Build.0 = Debug|Any CPU
		{C4269D49-9AD0-4498-A1CF-FF69947A69CE}.Release|Any CPU.ActiveCfg = Release|Any CPU
		{C4269D49-9AD0-4498-A1CF-FF69947A69CE}.Release|Any CPU.Build.0 = Release|Any CPU
		{28D8B381-C95B-45CF-ADBB-9026C590105F}.Debug|Any CPU.ActiveCfg = Debug|Win32
		{28D8B381-C95B-45CF-ADBB-9026C590105F}.Debug|Any CPU.Build.0 = Debug|Win32
		{28D8B381-C95B-45CF-ADBB-9026C590105F}.Release|Any CPU.ActiveCfg = Release|Win32
		{28D8B381-C95B-45CF-ADBB-9026C590105F}.Release|Any CPU.Build.0 = Release|Win32
		{8ADF5D47-5488-4049-909C-16DC32DAD702}.Debug|Any CPU.ActiveCfg = Debug|Win32
		{8ADF5D47-5488-4049-909C-16DC32DAD702}.Debug|Any CPU.Build.0 = Debug|Win32
		{8ADF5D47-5488-4049-909C-16DC32DAD702}.Release|Any CPU.ActiveCfg = Release|Win32
		{8ADF5D47-5488-4049-909C-16DC32DAD702}.Release|Any CPU.Build.0 = Release|Win32
		{97C823E1-833A-40D0-AAE8-8FE75A74E82C}.Debug|Any CPU.ActiveCfg = Debug|Win32
		{97C823E1-833A-40D0-AAE8-8FE75A74E82C}.Debug|Any CPU.Build.0 = Debug|Win32
		{97C823E1-833A-40D0-AAE8-8FE75A74E82C}.Release|Any CPU.ActiveCfg = Release|Win32
		{97C823E1-833A-40D0-AAE8-8FE75A74E82C}.Release|Any CPU.Build.0 = Release|Win32
		{E53CE465-DD4D-40AA-9C57-63A2C3141108}.Debug|Any CPU.ActiveCfg = Debug|Any CPU
		{E53CE465-DD4D-40AA-9C57-63A2C3141108}.Debug|Any CPU.Build.0 = Debug|Any CPU
		{E53CE465-DD4D-40AA-9C57-63A2C3141108}.Release|Any CPU.ActiveCfg = Release|Any CPU
		{E53CE465-DD4D-40AA-9C57-63A2C3141108}.Release|Any CPU.Build.0 = Release|Any CPU
		{AE738A31-2A88-0AFA-37EB-B94F0F9B811B}.Debug|Any CPU.ActiveCfg = Debug|x64
		{AE738A31-2A88-0AFA-37EB-B94F0F9B811B}.Debug|Any CPU.Build.0 = Debug|x64
		{AE738A31-2A88-0AFA-37EB-B94F0F9B811B}.Release|Any CPU.ActiveCfg = Release|x64
		{AE738A31-2A88-0AFA-37EB-B94F0F9B811B}.Release|Any CPU.Build.0 = Release|x64
		{342255A0-787C-9321-96FA-2439C7E07B5F}.Debug|Any CPU.ActiveCfg = Debug|x64
		{342255A0-787C-9321-96FA-2439C7E07B5F}.Debug|Any CPU.Build.0 = Debug|x64
		{342255A0-787C-9321-96FA-2439C7E07B5F}.Release|Any CPU.ActiveCfg = Release|x64
		{342255A0-787C-9321-96FA-2439C7E07B5F}.Release|Any CPU.Build.0 = Release|x64
		{444BEA47-1005-43CE-BEB0-A90F7B48D075}.Debug|Any CPU.ActiveCfg = Debug|Any CPU
		{444BEA47-1005-43CE-BEB0-A90F7B48D075}.Debug|Any CPU.Build.0 = Debug|Any CPU
		{444BEA47-1005-43CE-BEB0-A90F7B48D075}.Release|Any CPU.ActiveCfg = Release|Any CPU
		{444BEA47-1005-43CE-BEB0-A90F7B48D075}.Release|Any CPU.Build.0 = Release|Any CPU
		{397A43BC-1CB2-428D-8432-53DA20C77287}.Debug|Any CPU.ActiveCfg = Debug|Any CPU
		{397A43BC-1CB2-428D-8432-53DA20C77287}.Debug|Any CPU.Build.0 = Debug|Any CPU
		{397A43BC-1CB2-428D-8432-53DA20C77287}.Release|Any CPU.ActiveCfg = Release|Any CPU
		{397A43BC-1CB2-428D-8432-53DA20C77287}.Release|Any CPU.Build.0 = Release|Any CPU
		{CD8C5378-4D7B-48BC-A162-51557E4F1BA4}.Debug|Any CPU.ActiveCfg = Debug|Any CPU
		{CD8C5378-4D7B-48BC-A162-51557E4F1BA4}.Debug|Any CPU.Build.0 = Debug|Any CPU
		{CD8C5378-4D7B-48BC-A162-51557E4F1BA4}.Release|Any CPU.ActiveCfg = Release|Any CPU
		{CD8C5378-4D7B-48BC-A162-51557E4F1BA4}.Release|Any CPU.Build.0 = Release|Any CPU
		{9B209AFB-FA81-4709-805F-915DFC06D974}.Debug|Any CPU.ActiveCfg = Debug|Any CPU
		{9B209AFB-FA81-4709-805F-915DFC06D974}.Debug|Any CPU.Build.0 = Debug|Any CPU
		{9B209AFB-FA81-4709-805F-915DFC06D974}.Release|Any CPU.ActiveCfg = Release|Any CPU
		{9B209AFB-FA81-4709-805F-915DFC06D974}.Release|Any CPU.Build.0 = Release|Any CPU
		{60084B93-B4F6-47B6-8A84-2B6CB63314DE}.Debug|Any CPU.ActiveCfg = Debug|Any CPU
		{60084B93-B4F6-47B6-8A84-2B6CB63314DE}.Debug|Any CPU.Build.0 = Debug|Any CPU
		{60084B93-B4F6-47B6-8A84-2B6CB63314DE}.Release|Any CPU.ActiveCfg = Release|Any CPU
		{60084B93-B4F6-47B6-8A84-2B6CB63314DE}.Release|Any CPU.Build.0 = Release|Any CPU
		{E4253960-FB35-4E3E-B33E-697322EB7065}.Debug|Any CPU.ActiveCfg = Debug|Any CPU
		{E4253960-FB35-4E3E-B33E-697322EB7065}.Debug|Any CPU.Build.0 = Debug|Any CPU
		{E4253960-FB35-4E3E-B33E-697322EB7065}.Release|Any CPU.ActiveCfg = Release|Any CPU
		{E4253960-FB35-4E3E-B33E-697322EB7065}.Release|Any CPU.Build.0 = Release|Any CPU
		{6223871B-1963-4B36-8D35-9D35005F77D9}.Debug|Any CPU.ActiveCfg = Debug|Any CPU
		{6223871B-1963-4B36-8D35-9D35005F77D9}.Debug|Any CPU.Build.0 = Debug|Any CPU
		{6223871B-1963-4B36-8D35-9D35005F77D9}.Release|Any CPU.ActiveCfg = Release|Any CPU
		{6223871B-1963-4B36-8D35-9D35005F77D9}.Release|Any CPU.Build.0 = Release|Any CPU
		{5CB6E6E8-3B99-4CB1-AE66-30B07FBABFC6}.Debug|Any CPU.ActiveCfg = Debug|Any CPU
		{5CB6E6E8-3B99-4CB1-AE66-30B07FBABFC6}.Debug|Any CPU.Build.0 = Debug|Any CPU
		{5CB6E6E8-3B99-4CB1-AE66-30B07FBABFC6}.Release|Any CPU.ActiveCfg = Release|Any CPU
		{5CB6E6E8-3B99-4CB1-AE66-30B07FBABFC6}.Release|Any CPU.Build.0 = Release|Any CPU
		{EBC9C820-AB04-4B05-8609-542D9412D59B}.Debug|Any CPU.ActiveCfg = Debug|Any CPU
		{EBC9C820-AB04-4B05-8609-542D9412D59B}.Debug|Any CPU.Build.0 = Debug|Any CPU
		{EBC9C820-AB04-4B05-8609-542D9412D59B}.Release|Any CPU.ActiveCfg = Release|Any CPU
		{EBC9C820-AB04-4B05-8609-542D9412D59B}.Release|Any CPU.Build.0 = Release|Any CPU
		{2398E8D4-71F6-4FA2-A3C8-FB46BB44C7F8}.Debug|Any CPU.ActiveCfg = Debug|Any CPU
		{2398E8D4-71F6-4FA2-A3C8-FB46BB44C7F8}.Debug|Any CPU.Build.0 = Debug|Any CPU
		{2398E8D4-71F6-4FA2-A3C8-FB46BB44C7F8}.Release|Any CPU.ActiveCfg = Release|Any CPU
		{2398E8D4-71F6-4FA2-A3C8-FB46BB44C7F8}.Release|Any CPU.Build.0 = Release|Any CPU
		{A8E0B639-72E6-41DD-ADA4-F582A85E0726}.Debug|Any CPU.ActiveCfg = Debug|Any CPU
		{A8E0B639-72E6-41DD-ADA4-F582A85E0726}.Debug|Any CPU.Build.0 = Debug|Any CPU
		{A8E0B639-72E6-41DD-ADA4-F582A85E0726}.Release|Any CPU.ActiveCfg = Release|Any CPU
		{A8E0B639-72E6-41DD-ADA4-F582A85E0726}.Release|Any CPU.Build.0 = Release|Any CPU
	EndGlobalSection
	GlobalSection(SolutionProperties) = preSolution
		HideSolutionNode = FALSE
	EndGlobalSection
	GlobalSection(NestedProjects) = preSolution
		{0ABD5A08-6551-4C56-9171-6665F0B5D148} = {205B6A0C-09B2-4AD7-BE9A-A7781CD59863}
		{1C440145-589E-46A4-A984-9D88FC666912} = {205B6A0C-09B2-4AD7-BE9A-A7781CD59863}
		{A66717E9-F1A5-42E7-B003-FAA5FB0AA397} = {029AC908-7378-4197-BF45-AD557B022B27}
		{C73C8485-235C-4D45-90E8-5135343295DE} = {A66717E9-F1A5-42E7-B003-FAA5FB0AA397}
		{C4269D49-9AD0-4498-A1CF-FF69947A69CE} = {A66717E9-F1A5-42E7-B003-FAA5FB0AA397}
		{28D8B381-C95B-45CF-ADBB-9026C590105F} = {0ABD5A08-6551-4C56-9171-6665F0B5D148}
		{8ADF5D47-5488-4049-909C-16DC32DAD702} = {0ABD5A08-6551-4C56-9171-6665F0B5D148}
		{97C823E1-833A-40D0-AAE8-8FE75A74E82C} = {0ABD5A08-6551-4C56-9171-6665F0B5D148}
		{E53CE465-DD4D-40AA-9C57-63A2C3141108} = {205B6A0C-09B2-4AD7-BE9A-A7781CD59863}
		{D50458ED-E6A7-4482-8CA2-C0D3EB147C58} = {205B6A0C-09B2-4AD7-BE9A-A7781CD59863}
		{AE738A31-2A88-0AFA-37EB-B94F0F9B811B} = {D50458ED-E6A7-4482-8CA2-C0D3EB147C58}
		{342255A0-787C-9321-96FA-2439C7E07B5F} = {D50458ED-E6A7-4482-8CA2-C0D3EB147C58}
		{444BEA47-1005-43CE-BEB0-A90F7B48D075} = {1C440145-589E-46A4-A984-9D88FC666912}
		{397A43BC-1CB2-428D-8432-53DA20C77287} = {1C440145-589E-46A4-A984-9D88FC666912}
		{CD8C5378-4D7B-48BC-A162-51557E4F1BA4} = {1C440145-589E-46A4-A984-9D88FC666912}
		{9B209AFB-FA81-4709-805F-915DFC06D974} = {1C440145-589E-46A4-A984-9D88FC666912}
		{60084B93-B4F6-47B6-8A84-2B6CB63314DE} = {1C440145-589E-46A4-A984-9D88FC666912}
		{E4253960-FB35-4E3E-B33E-697322EB7065} = {1C440145-589E-46A4-A984-9D88FC666912}
		{6223871B-1963-4B36-8D35-9D35005F77D9} = {1C440145-589E-46A4-A984-9D88FC666912}
		{5CB6E6E8-3B99-4CB1-AE66-30B07FBABFC6} = {029AC908-7378-4197-BF45-AD557B022B27}
		{EBC9C820-AB04-4B05-8609-542D9412D59B} = {E51C0F9F-920C-419C-849D-30C0BED86743}
		{2398E8D4-71F6-4FA2-A3C8-FB46BB44C7F8} = {E51C0F9F-920C-419C-849D-30C0BED86743}
		{A8E0B639-72E6-41DD-ADA4-F582A85E0726} = {E51C0F9F-920C-419C-849D-30C0BED86743}
	EndGlobalSection
EndGlobal
